
Microsoft Visual Studio Solution File, Format Version 12.00
# Visual Studio Version 17
VisualStudioVersion = 17.9.34728.123
MinimumVisualStudioVersion = 10.0.40219.1
Project("{FAE04EC0-301F-11D3-BF4B-00C04F79EFBC}") = "CS_From", "CS_From\CS_From.csproj", "{9EC6C356-E96A-4B44-A7EE-F85AEF68994B}"
EndProject
Global
	GlobalSection(SolutionConfigurationPlatforms) = preSolution
		Debug|Any CPU = Debug|Any CPU
		Release|Any CPU = Release|Any CPU
	EndGlobalSection
	GlobalSection(ProjectConfigurationPlatforms) = postSolution
		{9EC6C356-E96A-4B44-A7EE-F85AEF68994B}.Debug|Any CPU.ActiveCfg = Debug|Any CPU
		{9EC6C356-E96A-4B44-A7EE-F85AEF68994B}.Debug|Any CPU.Build.0 = Debug|Any CPU
		{9EC6C356-E96A-4B44-A7EE-F85AEF68994B}.Release|Any CPU.ActiveCfg = Release|Any CPU
		{9EC6C356-E96A-4B44-A7EE-F85AEF68994B}.Release|Any CPU.Build.0 = Release|Any CPU
	EndGlobalSection
	GlobalSection(SolutionProperties) = preSolution
		HideSolutionNode = FALSE
	EndGlobalSection
	GlobalSection(ExtensibilityGlobals) = postSolution
		SolutionGuid = {FBAF7203-3BC5-44B1-858C-E8D731202590}
	EndGlobalSection
EndGlobal
